
Microsoft Visual Studio Solution File, Format Version 12.00
# Visual Studio Version 17
VisualStudioVersion = 17.4.33213.308
MinimumVisualStudioVersion = 10.0.40219.1
Project("{9A19103F-16F7-4668-BE54-9A1E7A4F7556}") = "Inventory", "Inventory\Inventory.csproj", "{2814D629-3DD5-4C21-93D9-8B4F8B65F2E9}"
EndProject
Project("{FAE04EC0-301F-11D3-BF4B-00C04F79EFBC}") = "Inventory.DB", "Inventory.DB\Inventory.DB.csproj", "{D3A31E44-A151-4ACE-93D1-1FE874E97F27}"
EndProject
Project("{FAE04EC0-301F-11D3-BF4B-00C04F79EFBC}") = "Inventory.Repository", "Inventory.Repository\Inventory.Repository.csproj", "{F118178A-9D5F-45B1-B23A-44568DEC1C13}"
EndProject
Project("{FAE04EC0-301F-11D3-BF4B-00C04F79EFBC}") = "Inventory.Service", "Inventory.Service\Inventory.Service.csproj", "{5999B6AA-2DCC-49EE-BF27-B94E3D977AC0}"
EndProject
Global
	GlobalSection(SolutionConfigurationPlatforms) = preSolution
		Debug|Any CPU = Debug|Any CPU
		Release|Any CPU = Release|Any CPU
	EndGlobalSection
	GlobalSection(ProjectConfigurationPlatforms) = postSolution
		{2814D629-3DD5-4C21-93D9-8B4F8B65F2E9}.Debug|Any CPU.ActiveCfg = Debug|Any CPU
		{2814D629-3DD5-4C21-93D9-8B4F8B65F2E9}.Debug|Any CPU.Build.0 = Debug|Any CPU
		{2814D629-3DD5-4C21-93D9-8B4F8B65F2E9}.Release|Any CPU.ActiveCfg = Release|Any CPU
		{2814D629-3DD5-4C21-93D9-8B4F8B65F2E9}.Release|Any CPU.Build.0 = Release|Any CPU
		{D3A31E44-A151-4ACE-93D1-1FE874E97F27}.Debug|Any CPU.ActiveCfg = Debug|Any CPU
		{D3A31E44-A151-4ACE-93D1-1FE874E97F27}.Debug|Any CPU.Build.0 = Debug|Any CPU
		{D3A31E44-A151-4ACE-93D1-1FE874E97F27}.Release|Any CPU.ActiveCfg = Release|Any CPU
		{D3A31E44-A151-4ACE-93D1-1FE874E97F27}.Release|Any CPU.Build.0 = Release|Any CPU
		{F118178A-9D5F-45B1-B23A-44568DEC1C13}.Debug|Any CPU.ActiveCfg = Debug|Any CPU
		{F118178A-9D5F-45B1-B23A-44568DEC1C13}.Debug|Any CPU.Build.0 = Debug|Any CPU
		{F118178A-9D5F-45B1-B23A-44568DEC1C13}.Release|Any CPU.ActiveCfg = Release|Any CPU
		{F118178A-9D5F-45B1-B23A-44568DEC1C13}.Release|Any CPU.Build.0 = Release|Any CPU
		{5999B6AA-2DCC-49EE-BF27-B94E3D977AC0}.Debug|Any CPU.ActiveCfg = Debug|Any CPU
		{5999B6AA-2DCC-49EE-BF27-B94E3D977AC0}.Debug|Any CPU.Build.0 = Debug|Any CPU
		{5999B6AA-2DCC-49EE-BF27-B94E3D977AC0}.Release|Any CPU.ActiveCfg = Release|Any CPU
		{5999B6AA-2DCC-49EE-BF27-B94E3D977AC0}.Release|Any CPU.Build.0 = Release|Any CPU
	EndGlobalSection
	GlobalSection(SolutionProperties) = preSolution
		HideSolutionNode = FALSE
	EndGlobalSection
	GlobalSection(ExtensibilityGlobals) = postSolution
		SolutionGuid = {45D77E12-DF6F-469B-84A6-5BEE7FBF1C09}
	EndGlobalSection
EndGlobal
